// !$*UTF8*$!
{
	archiveVersion = 1;
	classes = {
	};
	objectVersion = 48;
	objects = {

/* Begin PBXBuildFile section */
		ADE6697D1FFCBDD2003CEA23 /* main.cpp in Sources */ = {isa = PBXBuildFile; fileRef = ADE6697C1FFCBDD2003CEA23 /* main.cpp */; };
/* End PBXBuildFile section */

/* Begin PBXCopyFilesBuildPhase section */
		ADE669771FFCBDD1003CEA23 /* CopyFiles */ = {
			isa = PBXCopyFilesBuildPhase;
			buildActionMask = 2147483647;
			dstPath = /usr/share/man/man1/;
			dstSubfolderSpec = 0;
			files = (
			);
			runOnlyForDeploymentPostprocessing = 1;
		};
/* End PBXCopyFilesBuildPhase section */

/* Begin PBXFileReference section */
		AD15AE192008911600A3B986 /* Dataset.hpp */ = {isa = PBXFileReference; lastKnownFileType = sourcecode.cpp.h; path = Dataset.hpp; sourceTree = "<group>"; };
		ADD65622204AE85E00329AC7 /* ProposedKNN.hpp */ = {isa = PBXFileReference; lastKnownFileType = sourcecode.cpp.h; path = ProposedKNN.hpp; sourceTree = "<group>"; };
		ADD6562520511F8E00329AC7 /* AnalyseTask.hpp */ = {isa = PBXFileReference; lastKnownFileType = sourcecode.cpp.h; path = AnalyseTask.hpp; sourceTree = "<group>"; };
		ADD6562820511FB500329AC7 /* Util.hpp */ = {isa = PBXFileReference; lastKnownFileType = sourcecode.cpp.h; path = Util.hpp; sourceTree = "<group>"; };
		ADD6562B205120E500329AC7 /* BoostRTreeSetting.hpp */ = {isa = PBXFileReference; lastKnownFileType = sourcecode.cpp.h; path = BoostRTreeSetting.hpp; sourceTree = "<group>"; };
		ADE669791FFCBDD1003CEA23 /* HausdorffDistance */ = {isa = PBXFileReference; explicitFileType = "compiled.mach-o.executable"; includeInIndex = 0; path = HausdorffDistance; sourceTree = BUILT_PRODUCTS_DIR; };
		ADE6697C1FFCBDD2003CEA23 /* main.cpp */ = {isa = PBXFileReference; lastKnownFileType = sourcecode.cpp.cpp; path = main.cpp; sourceTree = "<group>"; };
		ADE669841FFCBE5F003CEA23 /* Point.hpp */ = {isa = PBXFileReference; lastKnownFileType = sourcecode.cpp.h; path = Point.hpp; sourceTree = "<group>"; };
		ADE669891FFCC8C5003CEA23 /* PointCloud.hpp */ = {isa = PBXFileReference; lastKnownFileType = sourcecode.cpp.h; path = PointCloud.hpp; sourceTree = "<group>"; };
		ADE6698C1FFCC925003CEA23 /* ExactHausdorff.hpp */ = {isa = PBXFileReference; lastKnownFileType = sourcecode.cpp.h; path = ExactHausdorff.hpp; sourceTree = "<group>"; };
		ADE6698F1FFCC941003CEA23 /* KNNSearch.hpp */ = {isa = PBXFileReference; lastKnownFileType = sourcecode.cpp.h; path = KNNSearch.hpp; sourceTree = "<group>"; };
		ADE669921FFD1710003CEA23 /* Comparison.hpp */ = {isa = PBXFileReference; lastKnownFileType = sourcecode.cpp.h; path = Comparison.hpp; sourceTree = "<group>"; };
		ADE669952004CD92003CEA23 /* boost */ = {isa = PBXFileReference; lastKnownFileType = folder; name = boost; path = ../../../../usr/local/Cellar/boost/1.66.0/include/boost; sourceTree = "<group>"; };
/* End PBXFileReference section */

/* Begin PBXFrameworksBuildPhase section */
		ADE669761FFCBDD1003CEA23 /* Frameworks */ = {
			isa = PBXFrameworksBuildPhase;
			buildActionMask = 2147483647;
			files = (
			);
			runOnlyForDeploymentPostprocessing = 0;
		};
/* End PBXFrameworksBuildPhase section */

/* Begin PBXGroup section */
		ADE669701FFCBDD1003CEA23 = {
			isa = PBXGroup;
			children = (
				ADE6697B1FFCBDD1003CEA23 /* HausdorffDistance */,
				ADE6697A1FFCBDD1003CEA23 /* Products */,
				ADE669942004CD91003CEA23 /* Frameworks */,
			);
			sourceTree = "<group>";
		};
		ADE6697A1FFCBDD1003CEA23 /* Products */ = {
			isa = PBXGroup;
			children = (
				ADE669791FFCBDD1003CEA23 /* HausdorffDistance */,
			);
			name = Products;
			sourceTree = "<group>";
		};
		ADE6697B1FFCBDD1003CEA23 /* HausdorffDistance */ = {
			isa = PBXGroup;
			children = (
				ADE6697C1FFCBDD2003CEA23 /* main.cpp */,
				ADE669841FFCBE5F003CEA23 /* Point.hpp */,
				ADE669891FFCC8C5003CEA23 /* PointCloud.hpp */,
				AD15AE192008911600A3B986 /* Dataset.hpp */,
				ADE6698C1FFCC925003CEA23 /* ExactHausdorff.hpp */,
				ADE6698F1FFCC941003CEA23 /* KNNSearch.hpp */,
				ADD65622204AE85E00329AC7 /* ProposedKNN.hpp */,
				ADE669921FFD1710003CEA23 /* Comparison.hpp */,
				ADD6562520511F8E00329AC7 /* AnalyseTask.hpp */,
				ADD6562820511FB500329AC7 /* Util.hpp */,
				ADD6562B205120E500329AC7 /* BoostRTreeSetting.hpp */,
			);
			path = HausdorffDistance;
			sourceTree = "<group>";
		};
		ADE669942004CD91003CEA23 /* Frameworks */ = {
			isa = PBXGroup;
			children = (
				ADE669952004CD92003CEA23 /* boost */,
			);
			name = Frameworks;
			sourceTree = "<group>";
		};
/* End PBXGroup section */

/* Begin PBXNativeTarget section */
		ADE669781FFCBDD1003CEA23 /* HausdorffDistance */ = {
			isa = PBXNativeTarget;
			buildConfigurationList = ADE669801FFCBDD2003CEA23 /* Build configuration list for PBXNativeTarget "HausdorffDistance" */;
			buildPhases = (
				ADE669751FFCBDD1003CEA23 /* Sources */,
				ADE669761FFCBDD1003CEA23 /* Frameworks */,
				ADE669771FFCBDD1003CEA23 /* CopyFiles */,
			);
			buildRules = (
			);
			dependencies = (
			);
			name = HausdorffDistance;
			productName = HausdorffDistance;
			productReference = ADE669791FFCBDD1003CEA23 /* HausdorffDistance */;
			productType = "com.apple.product-type.tool";
		};
/* End PBXNativeTarget section */

/* Begin PBXProject section */
		ADE669711FFCBDD1003CEA23 /* Project object */ = {
			isa = PBXProject;
			attributes = {
				LastUpgradeCheck = 0920;
				ORGANIZATIONNAME = "李喆";
				TargetAttributes = {
					ADE669781FFCBDD1003CEA23 = {
						CreatedOnToolsVersion = 9.2;
						ProvisioningStyle = Automatic;
					};
				};
			};
			buildConfigurationList = ADE669741FFCBDD1003CEA23 /* Build configuration list for PBXProject "HausdorffDistance" */;
			compatibilityVersion = "Xcode 8.0";
			developmentRegion = en;
			hasScannedForEncodings = 0;
			knownRegions = (
				en,
			);
			mainGroup = ADE669701FFCBDD1003CEA23;
			productRefGroup = ADE6697A1FFCBDD1003CEA23 /* Products */;
			projectDirPath = "";
			projectRoot = "";
			targets = (
				ADE669781FFCBDD1003CEA23 /* HausdorffDistance */,
			);
		};
/* End PBXProject section */

/* Begin PBXSourcesBuildPhase section */
		ADE669751FFCBDD1003CEA23 /* Sources */ = {
			isa = PBXSourcesBuildPhase;
			buildActionMask = 2147483647;
			files = (
				ADE6697D1FFCBDD2003CEA23 /* main.cpp in Sources */,
			);
			runOnlyForDeploymentPostprocessing = 0;
		};
/* End PBXSourcesBuildPhase section */

/* Begin XCBuildConfiguration section */
		ADE6697E1FFCBDD2003CEA23 /* Debug */ = {
			isa = XCBuildConfiguration;
			buildSettings = {
				ALWAYS_SEARCH_USER_PATHS = NO;
				CLANG_ANALYZER_NONNULL = YES;
				CLANG_ANALYZER_NUMBER_OBJECT_CONVERSION = YES_AGGRESSIVE;
				CLANG_CXX_LANGUAGE_STANDARD = "gnu++14";
				CLANG_CXX_LIBRARY = "libc++";
				CLANG_ENABLE_MODULES = YES;
				CLANG_ENABLE_OBJC_ARC = YES;
				CLANG_WARN_BLOCK_CAPTURE_AUTORELEASING = YES;
				CLANG_WARN_BOOL_CONVERSION = YES;
				CLANG_WARN_COMMA = YES;
				CLANG_WARN_CONSTANT_CONVERSION = YES;
				CLANG_WARN_DIRECT_OBJC_ISA_USAGE = YES_ERROR;
				CLANG_WARN_DOCUMENTATION_COMMENTS = YES;
				CLANG_WARN_EMPTY_BODY = YES;
				CLANG_WARN_ENUM_CONVERSION = YES;
				CLANG_WARN_INFINITE_RECURSION = YES;
				CLANG_WARN_INT_CONVERSION = YES;
				CLANG_WARN_NON_LITERAL_NULL_CONVERSION = YES;
				CLANG_WARN_OBJC_LITERAL_CONVERSION = YES;
				CLANG_WARN_OBJC_ROOT_CLASS = YES_ERROR;
				CLANG_WARN_RANGE_LOOP_ANALYSIS = YES;
				CLANG_WARN_STRICT_PROTOTYPES = YES;
				CLANG_WARN_SUSPICIOUS_MOVE = YES;
				CLANG_WARN_UNGUARDED_AVAILABILITY = YES_AGGRESSIVE;
				CLANG_WARN_UNREACHABLE_CODE = YES;
				CLANG_WARN__DUPLICATE_METHOD_MATCH = YES;
				CODE_SIGN_IDENTITY = "Mac Developer";
				COPY_PHASE_STRIP = NO;
				DEBUG_INFORMATION_FORMAT = dwarf;
				ENABLE_STRICT_OBJC_MSGSEND = YES;
				ENABLE_TESTABILITY = YES;
				GCC_C_LANGUAGE_STANDARD = gnu11;
				GCC_DYNAMIC_NO_PIC = NO;
				GCC_NO_COMMON_BLOCKS = YES;
				GCC_OPTIMIZATION_LEVEL = 0;
				GCC_PREPROCESSOR_DEFINITIONS = (
					"DEBUG=1",
					"$(inherited)",
				);
				GCC_WARN_64_TO_32_BIT_CONVERSION = YES;
				GCC_WARN_ABOUT_RETURN_TYPE = YES_ERROR;
				GCC_WARN_UNDECLARED_SELECTOR = YES;
				GCC_WARN_UNINITIALIZED_AUTOS = YES_AGGRESSIVE;
				GCC_WARN_UNUSED_FUNCTION = YES;
				GCC_WARN_UNUSED_VARIABLE = YES;
				MACOSX_DEPLOYMENT_TARGET = 10.13;
				MTL_ENABLE_DEBUG_INFO = YES;
				ONLY_ACTIVE_ARCH = YES;
				SDKROOT = macosx;
			};
			name = Debug;
		};
		ADE6697F1FFCBDD2003CEA23 /* Release */ = {
			isa = XCBuildConfiguration;
			buildSettings = {
				ALWAYS_SEARCH_USER_PATHS = NO;
				CLANG_ANALYZER_NONNULL = YES;
				CLANG_ANALYZER_NUMBER_OBJECT_CONVERSION = YES_AGGRESSIVE;
				CLANG_CXX_LANGUAGE_STANDARD = "gnu++14";
				CLANG_CXX_LIBRARY = "libc++";
				CLANG_ENABLE_MODULES = YES;
				CLANG_ENABLE_OBJC_ARC = YES;
				CLANG_WARN_BLOCK_CAPTURE_AUTORELEASING = YES;
				CLANG_WARN_BOOL_CONVERSION = YES;
				CLANG_WARN_COMMA = YES;
				CLANG_WARN_CONSTANT_CONVERSION = YES;
				CLANG_WARN_DIRECT_OBJC_ISA_USAGE = YES_ERROR;
				CLANG_WARN_DOCUMENTATION_COMMENTS = YES;
				CLANG_WARN_EMPTY_BODY = YES;
				CLANG_WARN_ENUM_CONVERSION = YES;
				CLANG_WARN_INFINITE_RECURSION = YES;
				CLANG_WARN_INT_CONVERSION = YES;
				CLANG_WARN_NON_LITERAL_NULL_CONVERSION = YES;
				CLANG_WARN_OBJC_LITERAL_CONVERSION = YES;
				CLANG_WARN_OBJC_ROOT_CLASS = YES_ERROR;
				CLANG_WARN_RANGE_LOOP_ANALYSIS = YES;
				CLANG_WARN_STRICT_PROTOTYPES = YES;
				CLANG_WARN_SUSPICIOUS_MOVE = YES;
				CLANG_WARN_UNGUARDED_AVAILABILITY = YES_AGGRESSIVE;
				CLANG_WARN_UNREACHABLE_CODE = YES;
				CLANG_WARN__DUPLICATE_METHOD_MATCH = YES;
				CODE_SIGN_IDENTITY = "Mac Developer";
				COPY_PHASE_STRIP = NO;
				DEBUG_INFORMATION_FORMAT = "dwarf-with-dsym";
				ENABLE_NS_ASSERTIONS = NO;
				ENABLE_STRICT_OBJC_MSGSEND = YES;
				GCC_C_LANGUAGE_STANDARD = gnu11;
				GCC_NO_COMMON_BLOCKS = YES;
				GCC_WARN_64_TO_32_BIT_CONVERSION = YES;
				GCC_WARN_ABOUT_RETURN_TYPE = YES_ERROR;
				GCC_WARN_UNDECLARED_SELECTOR = YES;
				GCC_WARN_UNINITIALIZED_AUTOS = YES_AGGRESSIVE;
				GCC_WARN_UNUSED_FUNCTION = YES;
				GCC_WARN_UNUSED_VARIABLE = YES;
				MACOSX_DEPLOYMENT_TARGET = 10.13;
				MTL_ENABLE_DEBUG_INFO = NO;
				SDKROOT = macosx;
			};
			name = Release;
		};
		ADE669811FFCBDD2003CEA23 /* Debug */ = {
			isa = XCBuildConfiguration;
			buildSettings = {
				CODE_SIGN_STYLE = Automatic;
				DEVELOPMENT_TEAM = 9W57MLZWWT;
				HEADER_SEARCH_PATHS = (
					/usr/local/Cellar/boost/1.66.0/include/,
					"/Users/lizhe/Downloads/RTree-master/",
				);
				PRODUCT_NAME = "$(TARGET_NAME)";
			};
			name = Debug;
		};
		ADE669821FFCBDD2003CEA23 /* Release */ = {
			isa = XCBuildConfiguration;
			buildSettings = {
				CODE_SIGN_STYLE = Automatic;
				DEVELOPMENT_TEAM = 9W57MLZWWT;
				HEADER_SEARCH_PATHS = (
					/usr/local/Cellar/boost/1.66.0/include/,
					"/Users/lizhe/Downloads/RTree-master/",
				);
				PRODUCT_NAME = "$(TARGET_NAME)";
			};
			name = Release;
		};
/* End XCBuildConfiguration section */

/* Begin XCConfigurationList section */
		ADE669741FFCBDD1003CEA23 /* Build configuration list for PBXProject "HausdorffDistance" */ = {
			isa = XCConfigurationList;
			buildConfigurations = (
				ADE6697E1FFCBDD2003CEA23 /* Debug */,
				ADE6697F1FFCBDD2003CEA23 /* Release */,
			);
			defaultConfigurationIsVisible = 0;
			defaultConfigurationName = Release;
		};
		ADE669801FFCBDD2003CEA23 /* Build configuration list for PBXNativeTarget "HausdorffDistance" */ = {
			isa = XCConfigurationList;
			buildConfigurations = (
				ADE669811FFCBDD2003CEA23 /* Debug */,
				ADE669821FFCBDD2003CEA23 /* Release */,
			);
			defaultConfigurationIsVisible = 0;
			defaultConfigurationName = Release;
		};
/* End XCConfigurationList section */
	};
	rootObject = ADE669711FFCBDD1003CEA23 /* Project object */;
}
